
Microsoft Visual Studio Solution File, Format Version 12.00
# Visual Studio Version 17
VisualStudioVersion = 17.9.34728.123
MinimumVisualStudioVersion = 10.0.40219.1
Project("{FAE04EC0-301F-11D3-BF4B-00C04F79EFBC}") = "CloudflareDynDns", "CloudflareDynDns\CloudflareDynDns.csproj", "{C341D640-F665-4EBC-A626-6BFD3140B74B}"
EndProject
Global
	GlobalSection(SolutionConfigurationPlatforms) = preSolution
		Debug|Any CPU = Debug|Any CPU
		Release|Any CPU = Release|Any CPU
	EndGlobalSection
	GlobalSection(ProjectConfigurationPlatforms) = postSolution
		{C341D640-F665-4EBC-A626-6BFD3140B74B}.Debug|Any CPU.ActiveCfg = Debug|Any CPU
		{C341D640-F665-4EBC-A626-6BFD3140B74B}.Debug|Any CPU.Build.0 = Debug|Any CPU
		{C341D640-F665-4EBC-A626-6BFD3140B74B}.Release|Any CPU.ActiveCfg = Release|Any CPU
		{C341D640-F665-4EBC-A626-6BFD3140B74B}.Release|Any CPU.Build.0 = Release|Any CPU
	EndGlobalSection
	GlobalSection(SolutionProperties) = preSolution
		HideSolutionNode = FALSE
	EndGlobalSection
	GlobalSection(ExtensibilityGlobals) = postSolution
		SolutionGuid = {1FCE524C-E4F7-48DC-B617-EC565733BE5F}
	EndGlobalSection
EndGlobal
